
Microsoft Visual Studio Solution File, Format Version 12.00
# Visual Studio 2012
VisualStudioVersion = 14.0.24720.0
MinimumVisualStudioVersion = 10.0.40219.1
Project("{FAE04EC0-301F-11D3-BF4B-00C04F79EFBC}") = "Redhotminute.Mvx.Plugin.Style.Touch", "Redhotminute.Mvx.Plugin.Style.Touch\Redhotminute.Mvx.Plugin.Style.Touch.csproj", "{D802EB5C-F1CA-40E8-B59B-1995CA3BE304}"
EndProject
Project("{FAE04EC0-301F-11D3-BF4B-00C04F79EFBC}") = "Redhotminute.Mvx.Plugin.Style.Droid", "Redhotminute.Mvx.Plugin.Style.Droid\Redhotminute.Mvx.Plugin.Style.Droid.csproj", "{794731BB-9BF8-4DC9-BC23-DAAE7F776291}"
EndProject
Project("{2150E333-8FDC-42A3-9474-1A3956D46DE8}") = "Sample", "Sample", "{F468C0F7-8F6F-48D4-8BD7-4083F54C427A}"
EndProject
Project("{FAE04EC0-301F-11D3-BF4B-00C04F79EFBC}") = "Redhotminute.Mvx.Plugin.Style.SampleApp", "Samples\Redhotminute.Mvx.Plugin.Style.SampleApp\Redhotminute.Mvx.Plugin.Style.SampleApp\Redhotminute.Mvx.Plugin.Style.SampleApp.csproj", "{2C4924EC-F433-40B5-B803-1CAB89D5ACA6}"
EndProject
Project("{FAE04EC0-301F-11D3-BF4B-00C04F79EFBC}") = "Redhotminute.Mvx.Plugin.Style.SampleApp.Droid", "Samples\Redhotminute.Mvx.Plugin.Style.SampleApp\Redhotminute.Mvx.Plugin.Style.SampleApp.Droid\Redhotminute.Mvx.Plugin.Style.SampleApp.Droid.csproj", "{C71D238A-DCA2-4834-937D-BE77F70D2258}"
EndProject
Project("{FAE04EC0-301F-11D3-BF4B-00C04F79EFBC}") = "Redhotminute.Mvx.Plugin.Style.SampleApp.Fonts", "Samples\Redhotminute.Mvx.Plugin.Style.SampleApp\Redhotminute.Mvx.Plugin.Style.SampleApp.Fonts\Redhotminute.Mvx.Plugin.Style.SampleApp.Fonts.csproj", "{76D4ED63-4747-43FB-9109-2B05A178F41B}"
EndProject
Project("{FAE04EC0-301F-11D3-BF4B-00C04F79EFBC}") = "Redhotminute.Mvx.Plugin.Style.SampleApp.iOS", "Samples\Redhotminute.Mvx.Plugin.Style.SampleApp\Redhotminute.Mvx.Plugin.Style.SampleApp.iOS\Redhotminute.Mvx.Plugin.Style.SampleApp.iOS.csproj", "{A47C1CFF-5B3D-42F9-A101-8747C783A96B}"
EndProject
Project("{FAE04EC0-301F-11D3-BF4B-00C04F79EFBC}") = "Redhotminute.Mvx.Plugin.Style.Tests", "Redhotminute.Mvx.Plugin.Style.Tests\Redhotminute.Mvx.Plugin.Style.Tests.csproj", "{9769D7D2-AD41-4EE7-AF33-50E1546C0999}"
EndProject
Project("{FAE04EC0-301F-11D3-BF4B-00C04F79EFBC}") = "Redhotminute.Mvx.Plugin.Style", "Redhotminute.Mvx.Plugin.Style\Redhotminute.Mvx.Plugin.Style.csproj", "{4A355044-681E-4F4D-9C0A-6F30BBFFC1A8}"
EndProject
Global
	GlobalSection(SolutionConfigurationPlatforms) = preSolution
		Debug|Any CPU = Debug|Any CPU
		Debug|iPhone = Debug|iPhone
		Debug|iPhoneSimulator = Debug|iPhoneSimulator
		HockeyApp|Any CPU = HockeyApp|Any CPU
		HockeyApp|iPhone = HockeyApp|iPhone
		HockeyApp|iPhoneSimulator = HockeyApp|iPhoneSimulator
		Release|Any CPU = Release|Any CPU
		Release|iPhone = Release|iPhone
		Release|iPhoneSimulator = Release|iPhoneSimulator
		UnitTest|Any CPU = UnitTest|Any CPU
		Sample|Any CPU = Sample|Any CPU
	EndGlobalSection
	GlobalSection(ProjectConfigurationPlatforms) = postSolution
		{D802EB5C-F1CA-40E8-B59B-1995CA3BE304}.Debug|Any CPU.ActiveCfg = Debug|Any CPU
		{D802EB5C-F1CA-40E8-B59B-1995CA3BE304}.Debug|Any CPU.Build.0 = Debug|Any CPU
		{D802EB5C-F1CA-40E8-B59B-1995CA3BE304}.Debug|iPhone.ActiveCfg = Debug|Any CPU
		{D802EB5C-F1CA-40E8-B59B-1995CA3BE304}.Debug|iPhone.Build.0 = Debug|Any CPU
		{D802EB5C-F1CA-40E8-B59B-1995CA3BE304}.Debug|iPhoneSimulator.ActiveCfg = Debug|Any CPU
		{D802EB5C-F1CA-40E8-B59B-1995CA3BE304}.Debug|iPhoneSimulator.Build.0 = Debug|Any CPU
		{D802EB5C-F1CA-40E8-B59B-1995CA3BE304}.Release|Any CPU.ActiveCfg = Release|Any CPU
		{D802EB5C-F1CA-40E8-B59B-1995CA3BE304}.Release|Any CPU.Build.0 = Release|Any CPU
		{D802EB5C-F1CA-40E8-B59B-1995CA3BE304}.Release|iPhone.ActiveCfg = Release|Any CPU
		{D802EB5C-F1CA-40E8-B59B-1995CA3BE304}.Release|iPhone.Build.0 = Release|Any CPU
		{D802EB5C-F1CA-40E8-B59B-1995CA3BE304}.Release|iPhoneSimulator.ActiveCfg = Release|Any CPU
		{D802EB5C-F1CA-40E8-B59B-1995CA3BE304}.Release|iPhoneSimulator.Build.0 = Release|Any CPU
		{D802EB5C-F1CA-40E8-B59B-1995CA3BE304}.UnitTest|Any CPU.ActiveCfg = UnitTest|Any CPU
		{D802EB5C-F1CA-40E8-B59B-1995CA3BE304}.Sample|Any CPU.ActiveCfg = Debug|Any CPU
		{794731BB-9BF8-4DC9-BC23-DAAE7F776291}.Debug|Any CPU.ActiveCfg = Debug|Any CPU
		{794731BB-9BF8-4DC9-BC23-DAAE7F776291}.Debug|Any CPU.Build.0 = Debug|Any CPU
		{794731BB-9BF8-4DC9-BC23-DAAE7F776291}.Debug|iPhone.ActiveCfg = Debug|Any CPU
		{794731BB-9BF8-4DC9-BC23-DAAE7F776291}.Debug|iPhone.Build.0 = Debug|Any CPU
		{794731BB-9BF8-4DC9-BC23-DAAE7F776291}.Debug|iPhoneSimulator.ActiveCfg = Debug|Any CPU
		{794731BB-9BF8-4DC9-BC23-DAAE7F776291}.Release|Any CPU.ActiveCfg = Release|Any CPU
		{794731BB-9BF8-4DC9-BC23-DAAE7F776291}.Release|Any CPU.Build.0 = Release|Any CPU
		{794731BB-9BF8-4DC9-BC23-DAAE7F776291}.Release|iPhone.ActiveCfg = Release|Any CPU
		{794731BB-9BF8-4DC9-BC23-DAAE7F776291}.Release|iPhoneSimulator.ActiveCfg = Release|Any CPU
		{794731BB-9BF8-4DC9-BC23-DAAE7F776291}.UnitTest|Any CPU.ActiveCfg = UnitTest|Any CPU
		{794731BB-9BF8-4DC9-BC23-DAAE7F776291}.Sample|Any CPU.ActiveCfg = Debug|Any CPU
		{794731BB-9BF8-4DC9-BC23-DAAE7F776291}.Sample|Any CPU.Build.0 = Debug|Any CPU
		{2C4924EC-F433-40B5-B803-1CAB89D5ACA6}.Debug|Any CPU.ActiveCfg = Debug|Any CPU
		{2C4924EC-F433-40B5-B803-1CAB89D5ACA6}.Debug|iPhone.ActiveCfg = Debug|Any CPU
		{2C4924EC-F433-40B5-B803-1CAB89D5ACA6}.Debug|iPhone.Build.0 = Debug|Any CPU
		{2C4924EC-F433-40B5-B803-1CAB89D5ACA6}.Debug|iPhoneSimulator.ActiveCfg = Debug|Any CPU
		{2C4924EC-F433-40B5-B803-1CAB89D5ACA6}.Debug|iPhoneSimulator.Build.0 = Debug|Any CPU
		{2C4924EC-F433-40B5-B803-1CAB89D5ACA6}.HockeyApp|Any CPU.ActiveCfg = Debug|Any CPU
		{2C4924EC-F433-40B5-B803-1CAB89D5ACA6}.HockeyApp|Any CPU.Build.0 = Debug|Any CPU
		{2C4924EC-F433-40B5-B803-1CAB89D5ACA6}.HockeyApp|iPhone.ActiveCfg = Debug|Any CPU
		{2C4924EC-F433-40B5-B803-1CAB89D5ACA6}.HockeyApp|iPhone.Build.0 = Debug|Any CPU
		{2C4924EC-F433-40B5-B803-1CAB89D5ACA6}.HockeyApp|iPhoneSimulator.ActiveCfg = Debug|Any CPU
		{2C4924EC-F433-40B5-B803-1CAB89D5ACA6}.HockeyApp|iPhoneSimulator.Build.0 = Debug|Any CPU
		{2C4924EC-F433-40B5-B803-1CAB89D5ACA6}.Release|Any CPU.ActiveCfg = Release|Any CPU
		{2C4924EC-F433-40B5-B803-1CAB89D5ACA6}.Release|iPhone.ActiveCfg = Release|Any CPU
		{2C4924EC-F433-40B5-B803-1CAB89D5ACA6}.Release|iPhone.Build.0 = Release|Any CPU
		{2C4924EC-F433-40B5-B803-1CAB89D5ACA6}.Release|iPhoneSimulator.ActiveCfg = Release|Any CPU
		{2C4924EC-F433-40B5-B803-1CAB89D5ACA6}.Release|iPhoneSimulator.Build.0 = Release|Any CPU
		{2C4924EC-F433-40B5-B803-1CAB89D5ACA6}.UnitTest|Any CPU.ActiveCfg = Release|Any CPU
		{2C4924EC-F433-40B5-B803-1CAB89D5ACA6}.Sample|Any CPU.ActiveCfg = Debug|Any CPU
		{2C4924EC-F433-40B5-B803-1CAB89D5ACA6}.Sample|Any CPU.Build.0 = Debug|Any CPU
		{C71D238A-DCA2-4834-937D-BE77F70D2258}.Debug|Any CPU.ActiveCfg = Debug|Any CPU
		{C71D238A-DCA2-4834-937D-BE77F70D2258}.Debug|iPhone.ActiveCfg = Debug|Any CPU
		{C71D238A-DCA2-4834-937D-BE77F70D2258}.Debug|iPhone.Build.0 = Debug|Any CPU
		{C71D238A-DCA2-4834-937D-BE77F70D2258}.Debug|iPhoneSimulator.ActiveCfg = Debug|Any CPU
		{C71D238A-DCA2-4834-937D-BE77F70D2258}.HockeyApp|Any CPU.ActiveCfg = Debug|Any CPU
		{C71D238A-DCA2-4834-937D-BE77F70D2258}.HockeyApp|Any CPU.Build.0 = Debug|Any CPU
		{C71D238A-DCA2-4834-937D-BE77F70D2258}.HockeyApp|iPhone.ActiveCfg = Debug|Any CPU
		{C71D238A-DCA2-4834-937D-BE77F70D2258}.HockeyApp|iPhone.Build.0 = Debug|Any CPU
		{C71D238A-DCA2-4834-937D-BE77F70D2258}.HockeyApp|iPhoneSimulator.ActiveCfg = Debug|Any CPU
		{C71D238A-DCA2-4834-937D-BE77F70D2258}.HockeyApp|iPhoneSimulator.Build.0 = Debug|Any CPU
		{C71D238A-DCA2-4834-937D-BE77F70D2258}.Release|Any CPU.ActiveCfg = Release|Any CPU
		{C71D238A-DCA2-4834-937D-BE77F70D2258}.Release|iPhone.ActiveCfg = Release|Any CPU
		{C71D238A-DCA2-4834-937D-BE77F70D2258}.Release|iPhoneSimulator.ActiveCfg = Release|Any CPU
		{C71D238A-DCA2-4834-937D-BE77F70D2258}.UnitTest|Any CPU.ActiveCfg = Release|Any CPU
		{C71D238A-DCA2-4834-937D-BE77F70D2258}.Sample|Any CPU.ActiveCfg = Debug|Any CPU
		{C71D238A-DCA2-4834-937D-BE77F70D2258}.Sample|Any CPU.Build.0 = Debug|Any CPU
		{76D4ED63-4747-43FB-9109-2B05A178F41B}.Debug|Any CPU.ActiveCfg = Debug|Any CPU
		{76D4ED63-4747-43FB-9109-2B05A178F41B}.Debug|iPhone.ActiveCfg = Debug|Any CPU
		{76D4ED63-4747-43FB-9109-2B05A178F41B}.Debug|iPhone.Build.0 = Debug|Any CPU
		{76D4ED63-4747-43FB-9109-2B05A178F41B}.Debug|iPhoneSimulator.ActiveCfg = Debug|Any CPU
		{76D4ED63-4747-43FB-9109-2B05A178F41B}.Debug|iPhoneSimulator.Build.0 = Debug|Any CPU
		{76D4ED63-4747-43FB-9109-2B05A178F41B}.HockeyApp|Any CPU.ActiveCfg = Debug|Any CPU
		{76D4ED63-4747-43FB-9109-2B05A178F41B}.HockeyApp|Any CPU.Build.0 = Debug|Any CPU
		{76D4ED63-4747-43FB-9109-2B05A178F41B}.HockeyApp|iPhone.ActiveCfg = Debug|Any CPU
		{76D4ED63-4747-43FB-9109-2B05A178F41B}.HockeyApp|iPhone.Build.0 = Debug|Any CPU
		{76D4ED63-4747-43FB-9109-2B05A178F41B}.HockeyApp|iPhoneSimulator.ActiveCfg = Debug|Any CPU
		{76D4ED63-4747-43FB-9109-2B05A178F41B}.HockeyApp|iPhoneSimulator.Build.0 = Debug|Any CPU
		{76D4ED63-4747-43FB-9109-2B05A178F41B}.Release|Any CPU.ActiveCfg = Release|Any CPU
		{76D4ED63-4747-43FB-9109-2B05A178F41B}.Release|iPhone.ActiveCfg = Release|Any CPU
		{76D4ED63-4747-43FB-9109-2B05A178F41B}.Release|iPhone.Build.0 = Release|Any CPU
		{76D4ED63-4747-43FB-9109-2B05A178F41B}.Release|iPhoneSimulator.ActiveCfg = Release|Any CPU
		{76D4ED63-4747-43FB-9109-2B05A178F41B}.Release|iPhoneSimulator.Build.0 = Release|Any CPU
		{76D4ED63-4747-43FB-9109-2B05A178F41B}.UnitTest|Any CPU.ActiveCfg = Release|Any CPU
		{76D4ED63-4747-43FB-9109-2B05A178F41B}.Sample|Any CPU.ActiveCfg = Debug|Any CPU
		{76D4ED63-4747-43FB-9109-2B05A178F41B}.Sample|Any CPU.Build.0 = Debug|Any CPU
		{A47C1CFF-5B3D-42F9-A101-8747C783A96B}.Debug|Any CPU.ActiveCfg = Debug|iPhoneSimulator
		{A47C1CFF-5B3D-42F9-A101-8747C783A96B}.Debug|iPhone.ActiveCfg = Debug|iPhone
		{A47C1CFF-5B3D-42F9-A101-8747C783A96B}.Debug|iPhone.Build.0 = Debug|iPhone
		{A47C1CFF-5B3D-42F9-A101-8747C783A96B}.Debug|iPhoneSimulator.ActiveCfg = Debug|iPhoneSimulator
		{A47C1CFF-5B3D-42F9-A101-8747C783A96B}.Debug|iPhoneSimulator.Build.0 = Debug|iPhoneSimulator
		{A47C1CFF-5B3D-42F9-A101-8747C783A96B}.HockeyApp|Any CPU.ActiveCfg = Debug|iPhoneSimulator
		{A47C1CFF-5B3D-42F9-A101-8747C783A96B}.HockeyApp|Any CPU.Build.0 = Debug|iPhoneSimulator
		{A47C1CFF-5B3D-42F9-A101-8747C783A96B}.HockeyApp|iPhone.ActiveCfg = Release|iPhone
		{A47C1CFF-5B3D-42F9-A101-8747C783A96B}.HockeyApp|iPhone.Build.0 = Release|iPhone
		{A47C1CFF-5B3D-42F9-A101-8747C783A96B}.HockeyApp|iPhoneSimulator.ActiveCfg = Debug|iPhoneSimulator
		{A47C1CFF-5B3D-42F9-A101-8747C783A96B}.HockeyApp|iPhoneSimulator.Build.0 = Debug|iPhoneSimulator
		{A47C1CFF-5B3D-42F9-A101-8747C783A96B}.Release|Any CPU.ActiveCfg = Release|iPhone
		{A47C1CFF-5B3D-42F9-A101-8747C783A96B}.Release|iPhone.ActiveCfg = Release|iPhone
		{A47C1CFF-5B3D-42F9-A101-8747C783A96B}.Release|iPhone.Build.0 = Release|iPhone
		{A47C1CFF-5B3D-42F9-A101-8747C783A96B}.Release|iPhoneSimulator.ActiveCfg = Release|iPhoneSimulator
		{A47C1CFF-5B3D-42F9-A101-8747C783A96B}.Release|iPhoneSimulator.Build.0 = Release|iPhoneSimulator
		{A47C1CFF-5B3D-42F9-A101-8747C783A96B}.UnitTest|Any CPU.ActiveCfg = Debug|iPhoneSimulator
		{A47C1CFF-5B3D-42F9-A101-8747C783A96B}.Sample|Any CPU.ActiveCfg = Debug|iPhone
		{9769D7D2-AD41-4EE7-AF33-50E1546C0999}.Debug|Any CPU.ActiveCfg = Debug|Any CPU
		{9769D7D2-AD41-4EE7-AF33-50E1546C0999}.Debug|Any CPU.Build.0 = Debug|Any CPU
		{9769D7D2-AD41-4EE7-AF33-50E1546C0999}.Debug|iPhone.ActiveCfg = Debug|Any CPU
		{9769D7D2-AD41-4EE7-AF33-50E1546C0999}.Debug|iPhone.Build.0 = Debug|Any CPU
		{9769D7D2-AD41-4EE7-AF33-50E1546C0999}.Debug|iPhoneSimulator.ActiveCfg = Debug|Any CPU
		{9769D7D2-AD41-4EE7-AF33-50E1546C0999}.HockeyApp|Any CPU.ActiveCfg = Debug|Any CPU
		{9769D7D2-AD41-4EE7-AF33-50E1546C0999}.HockeyApp|Any CPU.Build.0 = Debug|Any CPU
		{9769D7D2-AD41-4EE7-AF33-50E1546C0999}.HockeyApp|iPhone.ActiveCfg = Debug|Any CPU
		{9769D7D2-AD41-4EE7-AF33-50E1546C0999}.HockeyApp|iPhone.Build.0 = Debug|Any CPU
		{9769D7D2-AD41-4EE7-AF33-50E1546C0999}.HockeyApp|iPhoneSimulator.ActiveCfg = Debug|Any CPU
		{9769D7D2-AD41-4EE7-AF33-50E1546C0999}.HockeyApp|iPhoneSimulator.Build.0 = Debug|Any CPU
		{9769D7D2-AD41-4EE7-AF33-50E1546C0999}.Release|Any CPU.ActiveCfg = Release|Any CPU
		{9769D7D2-AD41-4EE7-AF33-50E1546C0999}.Release|iPhone.ActiveCfg = Release|Any CPU
		{9769D7D2-AD41-4EE7-AF33-50E1546C0999}.Release|iPhone.Build.0 = Release|Any CPU
		{9769D7D2-AD41-4EE7-AF33-50E1546C0999}.Release|iPhoneSimulator.ActiveCfg = Release|Any CPU
		{9769D7D2-AD41-4EE7-AF33-50E1546C0999}.Release|iPhoneSimulator.Build.0 = Release|Any CPU
		{9769D7D2-AD41-4EE7-AF33-50E1546C0999}.UnitTest|Any CPU.ActiveCfg = UnitTest|Any CPU
		{9769D7D2-AD41-4EE7-AF33-50E1546C0999}.UnitTest|Any CPU.Build.0 = UnitTest|Any CPU
		{9769D7D2-AD41-4EE7-AF33-50E1546C0999}.Sample|Any CPU.ActiveCfg = Debug|Any CPU
		{4A355044-681E-4F4D-9C0A-6F30BBFFC1A8}.Debug|Any CPU.ActiveCfg = Debug|Any CPU
		{4A355044-681E-4F4D-9C0A-6F30BBFFC1A8}.Debug|Any CPU.Build.0 = Debug|Any CPU
		{4A355044-681E-4F4D-9C0A-6F30BBFFC1A8}.Release|Any CPU.ActiveCfg = Release|Any CPU
		{4A355044-681E-4F4D-9C0A-6F30BBFFC1A8}.Release|Any CPU.Build.0 = Release|Any CPU
		{4A355044-681E-4F4D-9C0A-6F30BBFFC1A8}.UnitTest|Any CPU.ActiveCfg = Debug|Any CPU
		{4A355044-681E-4F4D-9C0A-6F30BBFFC1A8}.UnitTest|Any CPU.Build.0 = Debug|Any CPU
		{4A355044-681E-4F4D-9C0A-6F30BBFFC1A8}.Sample|Any CPU.ActiveCfg = Debug|Any CPU
		{4A355044-681E-4F4D-9C0A-6F30BBFFC1A8}.Sample|Any CPU.Build.0 = Debug|Any CPU
		{4A355044-681E-4F4D-9C0A-6F30BBFFC1A8}.Debug|iPhoneSimulator.ActiveCfg = Debug|Any CPU
		{4A355044-681E-4F4D-9C0A-6F30BBFFC1A8}.Debug|iPhoneSimulator.Build.0 = Debug|Any CPU
	EndGlobalSection
	GlobalSection(SolutionProperties) = preSolution
		HideSolutionNode = FALSE
	EndGlobalSection
	GlobalSection(NestedProjects) = preSolution
		{2C4924EC-F433-40B5-B803-1CAB89D5ACA6} = {F468C0F7-8F6F-48D4-8BD7-4083F54C427A}
		{C71D238A-DCA2-4834-937D-BE77F70D2258} = {F468C0F7-8F6F-48D4-8BD7-4083F54C427A}
		{76D4ED63-4747-43FB-9109-2B05A178F41B} = {F468C0F7-8F6F-48D4-8BD7-4083F54C427A}
		{A47C1CFF-5B3D-42F9-A101-8747C783A96B} = {F468C0F7-8F6F-48D4-8BD7-4083F54C427A}
	EndGlobalSection
EndGlobal
