
Microsoft Visual Studio Solution File, Format Version 12.00
# Visual Studio 2012
Project("{FAE04EC0-301F-11D3-BF4B-00C04F79EFBC}") = "Redhotminute.Mvx.Plugin.Style.SampleApp.Droid", "Droid\Redhotminute.Mvx.Plugin.Style.SampleApp.Droid.csproj", "{C71D238A-DCA2-4834-937D-BE77F70D2258}"
EndProject
Project("{FAE04EC0-301F-11D3-BF4B-00C04F79EFBC}") = "Redhotminute.Mvx.Plugin.Style.SampleApp.iOS", "iOS\Redhotminute.Mvx.Plugin.Style.SampleApp.iOS.csproj", "{A47C1CFF-5B3D-42F9-A101-8747C783A96B}"
EndProject
Project("{FAE04EC0-301F-11D3-BF4B-00C04F79EFBC}") = "Redhotminute.Mvx.Plugin.Style.Droid", "..\..\Redhotminute.Mvx.Plugin.Style.Droid\Redhotminute.Mvx.Plugin.Style.Droid.csproj", "{794731BB-9BF8-4DC9-BC23-DAAE7F776291}"
EndProject
Project("{FAE04EC0-301F-11D3-BF4B-00C04F79EFBC}") = "Redhotminute.Mvx.Plugin.Style.Touch", "..\..\Redhotminute.Mvx.Plugin.Style.Touch\Redhotminute.Mvx.Plugin.Style.Touch.csproj", "{D802EB5C-F1CA-40E8-B59B-1995CA3BE304}"
EndProject
Project("{FAE04EC0-301F-11D3-BF4B-00C04F79EFBC}") = "Redhotminute.Mvx.Plugin.Style.SampleApp.Fonts", "Redhotminute.Mvx.Plugin.Style.SampleApp.Fonts\Redhotminute.Mvx.Plugin.Style.SampleApp.Fonts.csproj", "{76D4ED63-4747-43FB-9109-2B05A178F41B}"
EndProject
Project("{FAE04EC0-301F-11D3-BF4B-00C04F79EFBC}") = "Redhotminute.Mvx.Plugin.Style.Tests", "Redhotminute.Mvx.Plugin.Style.Tests\Redhotminute.Mvx.Plugin.Style.Tests.csproj", "{BF943091-78B6-4852-8081-5F2CDB6C816B}"
EndProject
Project("{FAE04EC0-301F-11D3-BF4B-00C04F79EFBC}") = "Redhotminute.Mvx.Plugin.Style.SampleApp", "Redhotminute.Mvx.Plugin.Style.SampleApp\Redhotminute.Mvx.Plugin.Style.SampleApp.csproj", "{9F5286E5-6264-4071-93D1-B516A77A0BA5}"
EndProject
Project("{FAE04EC0-301F-11D3-BF4B-00C04F79EFBC}") = "Redhotminute.Mvx.Plugin.Style", "..\..\Redhotminute.Mvx.Plugin.Style\Redhotminute.Mvx.Plugin.Style.csproj", "{DCF6D754-5A9D-4855-9D48-9779B78EFA5D}"
EndProject
Global
	GlobalSection(SolutionConfigurationPlatforms) = preSolution
		Debug|Any CPU = Debug|Any CPU
		Release|Any CPU = Release|Any CPU
		Debug|iPhoneSimulator = Debug|iPhoneSimulator
		Release|iPhone = Release|iPhone
		Release|iPhoneSimulator = Release|iPhoneSimulator
		Debug|iPhone = Debug|iPhone
	EndGlobalSection
	GlobalSection(ProjectConfigurationPlatforms) = postSolution
		{C71D238A-DCA2-4834-937D-BE77F70D2258}.Debug|Any CPU.ActiveCfg = Debug|Any CPU
		{C71D238A-DCA2-4834-937D-BE77F70D2258}.Debug|Any CPU.Build.0 = Debug|Any CPU
		{C71D238A-DCA2-4834-937D-BE77F70D2258}.Release|Any CPU.ActiveCfg = Release|Any CPU
		{C71D238A-DCA2-4834-937D-BE77F70D2258}.Release|Any CPU.Build.0 = Release|Any CPU
		{C71D238A-DCA2-4834-937D-BE77F70D2258}.Debug|iPhoneSimulator.ActiveCfg = Debug|Any CPU
		{C71D238A-DCA2-4834-937D-BE77F70D2258}.Debug|iPhoneSimulator.Build.0 = Debug|Any CPU
		{C71D238A-DCA2-4834-937D-BE77F70D2258}.Release|iPhone.ActiveCfg = Release|Any CPU
		{C71D238A-DCA2-4834-937D-BE77F70D2258}.Release|iPhone.Build.0 = Release|Any CPU
		{C71D238A-DCA2-4834-937D-BE77F70D2258}.Release|iPhoneSimulator.ActiveCfg = Release|Any CPU
		{C71D238A-DCA2-4834-937D-BE77F70D2258}.Release|iPhoneSimulator.Build.0 = Release|Any CPU
		{C71D238A-DCA2-4834-937D-BE77F70D2258}.Debug|iPhone.ActiveCfg = Debug|Any CPU
		{C71D238A-DCA2-4834-937D-BE77F70D2258}.Debug|iPhone.Build.0 = Debug|Any CPU
		{A47C1CFF-5B3D-42F9-A101-8747C783A96B}.Debug|Any CPU.ActiveCfg = Debug|iPhoneSimulator
		{A47C1CFF-5B3D-42F9-A101-8747C783A96B}.Debug|Any CPU.Build.0 = Debug|iPhoneSimulator
		{A47C1CFF-5B3D-42F9-A101-8747C783A96B}.Release|Any CPU.ActiveCfg = Release|iPhone
		{A47C1CFF-5B3D-42F9-A101-8747C783A96B}.Release|Any CPU.Build.0 = Release|iPhone
		{A47C1CFF-5B3D-42F9-A101-8747C783A96B}.Debug|iPhoneSimulator.ActiveCfg = Debug|iPhoneSimulator
		{A47C1CFF-5B3D-42F9-A101-8747C783A96B}.Debug|iPhoneSimulator.Build.0 = Debug|iPhoneSimulator
		{A47C1CFF-5B3D-42F9-A101-8747C783A96B}.Release|iPhone.ActiveCfg = Release|iPhone
		{A47C1CFF-5B3D-42F9-A101-8747C783A96B}.Release|iPhone.Build.0 = Release|iPhone
		{A47C1CFF-5B3D-42F9-A101-8747C783A96B}.Release|iPhoneSimulator.ActiveCfg = Release|iPhoneSimulator
		{A47C1CFF-5B3D-42F9-A101-8747C783A96B}.Release|iPhoneSimulator.Build.0 = Release|iPhoneSimulator
		{A47C1CFF-5B3D-42F9-A101-8747C783A96B}.Debug|iPhone.ActiveCfg = Debug|iPhone
		{A47C1CFF-5B3D-42F9-A101-8747C783A96B}.Debug|iPhone.Build.0 = Debug|iPhone
		{794731BB-9BF8-4DC9-BC23-DAAE7F776291}.Debug|Any CPU.ActiveCfg = Debug|Any CPU
		{794731BB-9BF8-4DC9-BC23-DAAE7F776291}.Debug|Any CPU.Build.0 = Debug|Any CPU
		{794731BB-9BF8-4DC9-BC23-DAAE7F776291}.Release|Any CPU.ActiveCfg = Release|Any CPU
		{794731BB-9BF8-4DC9-BC23-DAAE7F776291}.Release|Any CPU.Build.0 = Release|Any CPU
		{794731BB-9BF8-4DC9-BC23-DAAE7F776291}.Debug|iPhoneSimulator.ActiveCfg = Debug|Any CPU
		{794731BB-9BF8-4DC9-BC23-DAAE7F776291}.Debug|iPhoneSimulator.Build.0 = Debug|Any CPU
		{794731BB-9BF8-4DC9-BC23-DAAE7F776291}.Release|iPhone.ActiveCfg = Release|Any CPU
		{794731BB-9BF8-4DC9-BC23-DAAE7F776291}.Release|iPhone.Build.0 = Release|Any CPU
		{794731BB-9BF8-4DC9-BC23-DAAE7F776291}.Release|iPhoneSimulator.ActiveCfg = Release|Any CPU
		{794731BB-9BF8-4DC9-BC23-DAAE7F776291}.Release|iPhoneSimulator.Build.0 = Release|Any CPU
		{794731BB-9BF8-4DC9-BC23-DAAE7F776291}.Debug|iPhone.ActiveCfg = Debug|Any CPU
		{794731BB-9BF8-4DC9-BC23-DAAE7F776291}.Debug|iPhone.Build.0 = Debug|Any CPU
		{D802EB5C-F1CA-40E8-B59B-1995CA3BE304}.Debug|Any CPU.ActiveCfg = Debug|Any CPU
		{D802EB5C-F1CA-40E8-B59B-1995CA3BE304}.Debug|Any CPU.Build.0 = Debug|Any CPU
		{D802EB5C-F1CA-40E8-B59B-1995CA3BE304}.Release|Any CPU.ActiveCfg = Release|Any CPU
		{D802EB5C-F1CA-40E8-B59B-1995CA3BE304}.Release|Any CPU.Build.0 = Release|Any CPU
		{D802EB5C-F1CA-40E8-B59B-1995CA3BE304}.Debug|iPhoneSimulator.ActiveCfg = Debug|Any CPU
		{D802EB5C-F1CA-40E8-B59B-1995CA3BE304}.Debug|iPhoneSimulator.Build.0 = Debug|Any CPU
		{D802EB5C-F1CA-40E8-B59B-1995CA3BE304}.Release|iPhone.ActiveCfg = Release|Any CPU
		{D802EB5C-F1CA-40E8-B59B-1995CA3BE304}.Release|iPhone.Build.0 = Release|Any CPU
		{D802EB5C-F1CA-40E8-B59B-1995CA3BE304}.Release|iPhoneSimulator.ActiveCfg = Release|Any CPU
		{D802EB5C-F1CA-40E8-B59B-1995CA3BE304}.Release|iPhoneSimulator.Build.0 = Release|Any CPU
		{D802EB5C-F1CA-40E8-B59B-1995CA3BE304}.Debug|iPhone.ActiveCfg = Debug|Any CPU
		{D802EB5C-F1CA-40E8-B59B-1995CA3BE304}.Debug|iPhone.Build.0 = Debug|Any CPU
		{76D4ED63-4747-43FB-9109-2B05A178F41B}.Debug|Any CPU.ActiveCfg = Debug|Any CPU
		{76D4ED63-4747-43FB-9109-2B05A178F41B}.Debug|Any CPU.Build.0 = Debug|Any CPU
		{76D4ED63-4747-43FB-9109-2B05A178F41B}.Release|Any CPU.ActiveCfg = Release|Any CPU
		{76D4ED63-4747-43FB-9109-2B05A178F41B}.Release|Any CPU.Build.0 = Release|Any CPU
		{76D4ED63-4747-43FB-9109-2B05A178F41B}.Debug|iPhoneSimulator.ActiveCfg = Debug|Any CPU
		{76D4ED63-4747-43FB-9109-2B05A178F41B}.Debug|iPhoneSimulator.Build.0 = Debug|Any CPU
		{76D4ED63-4747-43FB-9109-2B05A178F41B}.Release|iPhone.ActiveCfg = Release|Any CPU
		{76D4ED63-4747-43FB-9109-2B05A178F41B}.Release|iPhone.Build.0 = Release|Any CPU
		{76D4ED63-4747-43FB-9109-2B05A178F41B}.Release|iPhoneSimulator.ActiveCfg = Release|Any CPU
		{76D4ED63-4747-43FB-9109-2B05A178F41B}.Release|iPhoneSimulator.Build.0 = Release|Any CPU
		{76D4ED63-4747-43FB-9109-2B05A178F41B}.Debug|iPhone.ActiveCfg = Debug|Any CPU
		{76D4ED63-4747-43FB-9109-2B05A178F41B}.Debug|iPhone.Build.0 = Debug|Any CPU
		{BF943091-78B6-4852-8081-5F2CDB6C816B}.Debug|Any CPU.ActiveCfg = Debug|Any CPU
		{BF943091-78B6-4852-8081-5F2CDB6C816B}.Debug|Any CPU.Build.0 = Debug|Any CPU
		{BF943091-78B6-4852-8081-5F2CDB6C816B}.Release|Any CPU.ActiveCfg = Release|Any CPU
		{BF943091-78B6-4852-8081-5F2CDB6C816B}.Release|Any CPU.Build.0 = Release|Any CPU
		{BF943091-78B6-4852-8081-5F2CDB6C816B}.Debug|iPhoneSimulator.ActiveCfg = Debug|Any CPU
		{BF943091-78B6-4852-8081-5F2CDB6C816B}.Debug|iPhoneSimulator.Build.0 = Debug|Any CPU
		{BF943091-78B6-4852-8081-5F2CDB6C816B}.Release|iPhone.ActiveCfg = Release|Any CPU
		{BF943091-78B6-4852-8081-5F2CDB6C816B}.Release|iPhone.Build.0 = Release|Any CPU
		{BF943091-78B6-4852-8081-5F2CDB6C816B}.Release|iPhoneSimulator.ActiveCfg = Release|Any CPU
		{BF943091-78B6-4852-8081-5F2CDB6C816B}.Release|iPhoneSimulator.Build.0 = Release|Any CPU
		{BF943091-78B6-4852-8081-5F2CDB6C816B}.Debug|iPhone.ActiveCfg = Debug|Any CPU
		{BF943091-78B6-4852-8081-5F2CDB6C816B}.Debug|iPhone.Build.0 = Debug|Any CPU
		{9F5286E5-6264-4071-93D1-B516A77A0BA5}.Debug|Any CPU.ActiveCfg = Debug|Any CPU
		{9F5286E5-6264-4071-93D1-B516A77A0BA5}.Debug|Any CPU.Build.0 = Debug|Any CPU
		{9F5286E5-6264-4071-93D1-B516A77A0BA5}.Release|Any CPU.ActiveCfg = Release|Any CPU
		{9F5286E5-6264-4071-93D1-B516A77A0BA5}.Release|Any CPU.Build.0 = Release|Any CPU
		{9F5286E5-6264-4071-93D1-B516A77A0BA5}.Debug|iPhoneSimulator.ActiveCfg = Debug|Any CPU
		{9F5286E5-6264-4071-93D1-B516A77A0BA5}.Debug|iPhoneSimulator.Build.0 = Debug|Any CPU
		{9F5286E5-6264-4071-93D1-B516A77A0BA5}.Release|iPhone.ActiveCfg = Release|Any CPU
		{9F5286E5-6264-4071-93D1-B516A77A0BA5}.Release|iPhone.Build.0 = Release|Any CPU
		{9F5286E5-6264-4071-93D1-B516A77A0BA5}.Release|iPhoneSimulator.ActiveCfg = Release|Any CPU
		{9F5286E5-6264-4071-93D1-B516A77A0BA5}.Release|iPhoneSimulator.Build.0 = Release|Any CPU
		{9F5286E5-6264-4071-93D1-B516A77A0BA5}.Debug|iPhone.ActiveCfg = Debug|Any CPU
		{9F5286E5-6264-4071-93D1-B516A77A0BA5}.Debug|iPhone.Build.0 = Debug|Any CPU
		{DCF6D754-5A9D-4855-9D48-9779B78EFA5D}.Debug|Any CPU.ActiveCfg = Debug|Any CPU
		{DCF6D754-5A9D-4855-9D48-9779B78EFA5D}.Debug|Any CPU.Build.0 = Debug|Any CPU
		{DCF6D754-5A9D-4855-9D48-9779B78EFA5D}.Release|Any CPU.ActiveCfg = Release|Any CPU
		{DCF6D754-5A9D-4855-9D48-9779B78EFA5D}.Release|Any CPU.Build.0 = Release|Any CPU
		{DCF6D754-5A9D-4855-9D48-9779B78EFA5D}.Debug|iPhoneSimulator.ActiveCfg = Debug|Any CPU
		{DCF6D754-5A9D-4855-9D48-9779B78EFA5D}.Debug|iPhoneSimulator.Build.0 = Debug|Any CPU
		{DCF6D754-5A9D-4855-9D48-9779B78EFA5D}.Release|iPhone.ActiveCfg = Release|Any CPU
		{DCF6D754-5A9D-4855-9D48-9779B78EFA5D}.Release|iPhone.Build.0 = Release|Any CPU
		{DCF6D754-5A9D-4855-9D48-9779B78EFA5D}.Release|iPhoneSimulator.ActiveCfg = Release|Any CPU
		{DCF6D754-5A9D-4855-9D48-9779B78EFA5D}.Release|iPhoneSimulator.Build.0 = Release|Any CPU
		{DCF6D754-5A9D-4855-9D48-9779B78EFA5D}.Debug|iPhone.ActiveCfg = Debug|Any CPU
		{DCF6D754-5A9D-4855-9D48-9779B78EFA5D}.Debug|iPhone.Build.0 = Debug|Any CPU
	EndGlobalSection
EndGlobal
