
Microsoft Visual Studio Solution File, Format Version 12.00
# Visual Studio 2012
Project("{FAE04EC0-301F-11D3-BF4B-00C04F79EFBC}") = "Redhotminute.Mvx.Plugin.Style.SampleApp", "Redhotminute.Mvx.Plugin.Style.SampleApp\Redhotminute.Mvx.Plugin.Style.SampleApp.csproj", "{CD30E7BF-EF7B-4EE3-819A-C6D519E2DE25}"
EndProject
Project("{FAE04EC0-301F-11D3-BF4B-00C04F79EFBC}") = "Redhotminute.Mvx.Plugin.Style.SampleApp.Droid", "Droid\Redhotminute.Mvx.Plugin.Style.SampleApp.Droid.csproj", "{C71D238A-DCA2-4834-937D-BE77F70D2258}"
EndProject
Project("{FAE04EC0-301F-11D3-BF4B-00C04F79EFBC}") = "Redhotminute.Mvx.Plugin.Style.SampleApp.iOS", "iOS\Redhotminute.Mvx.Plugin.Style.SampleApp.iOS.csproj", "{A47C1CFF-5B3D-42F9-A101-8747C783A96B}"
EndProject
Project("{FAE04EC0-301F-11D3-BF4B-00C04F79EFBC}") = "Redhotminute.Mvx.Plugin.Style", "..\..\Redhotminute.Mvx.Plugin.Style\Redhotminute.Mvx.Plugin.Style.csproj", "{BC2ECA0D-7FDB-4C96-88B8-5E7F88594839}"
EndProject
Project("{FAE04EC0-301F-11D3-BF4B-00C04F79EFBC}") = "Redhotminute.Mvx.Plugin.Style.Droid", "..\..\Redhotminute.Mvx.Plugin.Style.Droid\Redhotminute.Mvx.Plugin.Style.Droid.csproj", "{794731BB-9BF8-4DC9-BC23-DAAE7F776291}"
EndProject
Project("{FAE04EC0-301F-11D3-BF4B-00C04F79EFBC}") = "Redhotminute.Mvx.Plugin.Style.Touch", "..\..\Redhotminute.Mvx.Plugin.Style.Touch\Redhotminute.Mvx.Plugin.Style.Touch.csproj", "{D802EB5C-F1CA-40E8-B59B-1995CA3BE304}"
EndProject
Global
	GlobalSection(SolutionConfigurationPlatforms) = preSolution
		Debug|Any CPU = Debug|Any CPU
		Release|Any CPU = Release|Any CPU
		Debug|iPhoneSimulator = Debug|iPhoneSimulator
		Release|iPhone = Release|iPhone
		Release|iPhoneSimulator = Release|iPhoneSimulator
		Debug|iPhone = Debug|iPhone
	EndGlobalSection
	GlobalSection(ProjectConfigurationPlatforms) = postSolution
		{CD30E7BF-EF7B-4EE3-819A-C6D519E2DE25}.Debug|Any CPU.ActiveCfg = Debug|Any CPU
		{CD30E7BF-EF7B-4EE3-819A-C6D519E2DE25}.Debug|Any CPU.Build.0 = Debug|Any CPU
		{CD30E7BF-EF7B-4EE3-819A-C6D519E2DE25}.Release|Any CPU.ActiveCfg = Release|Any CPU
		{CD30E7BF-EF7B-4EE3-819A-C6D519E2DE25}.Release|Any CPU.Build.0 = Release|Any CPU
		{CD30E7BF-EF7B-4EE3-819A-C6D519E2DE25}.Debug|iPhoneSimulator.ActiveCfg = Debug|Any CPU
		{CD30E7BF-EF7B-4EE3-819A-C6D519E2DE25}.Debug|iPhoneSimulator.Build.0 = Debug|Any CPU
		{CD30E7BF-EF7B-4EE3-819A-C6D519E2DE25}.Release|iPhone.ActiveCfg = Release|Any CPU
		{CD30E7BF-EF7B-4EE3-819A-C6D519E2DE25}.Release|iPhone.Build.0 = Release|Any CPU
		{CD30E7BF-EF7B-4EE3-819A-C6D519E2DE25}.Release|iPhoneSimulator.ActiveCfg = Release|Any CPU
		{CD30E7BF-EF7B-4EE3-819A-C6D519E2DE25}.Release|iPhoneSimulator.Build.0 = Release|Any CPU
		{CD30E7BF-EF7B-4EE3-819A-C6D519E2DE25}.Debug|iPhone.ActiveCfg = Debug|Any CPU
		{CD30E7BF-EF7B-4EE3-819A-C6D519E2DE25}.Debug|iPhone.Build.0 = Debug|Any CPU
		{C71D238A-DCA2-4834-937D-BE77F70D2258}.Debug|Any CPU.ActiveCfg = Debug|Any CPU
		{C71D238A-DCA2-4834-937D-BE77F70D2258}.Debug|Any CPU.Build.0 = Debug|Any CPU
		{C71D238A-DCA2-4834-937D-BE77F70D2258}.Release|Any CPU.ActiveCfg = Release|Any CPU
		{C71D238A-DCA2-4834-937D-BE77F70D2258}.Release|Any CPU.Build.0 = Release|Any CPU
		{C71D238A-DCA2-4834-937D-BE77F70D2258}.Debug|iPhoneSimulator.ActiveCfg = Debug|Any CPU
		{C71D238A-DCA2-4834-937D-BE77F70D2258}.Debug|iPhoneSimulator.Build.0 = Debug|Any CPU
		{C71D238A-DCA2-4834-937D-BE77F70D2258}.Release|iPhone.ActiveCfg = Release|Any CPU
		{C71D238A-DCA2-4834-937D-BE77F70D2258}.Release|iPhone.Build.0 = Release|Any CPU
		{C71D238A-DCA2-4834-937D-BE77F70D2258}.Release|iPhoneSimulator.ActiveCfg = Release|Any CPU
		{C71D238A-DCA2-4834-937D-BE77F70D2258}.Release|iPhoneSimulator.Build.0 = Release|Any CPU
		{C71D238A-DCA2-4834-937D-BE77F70D2258}.Debug|iPhone.ActiveCfg = Debug|Any CPU
		{C71D238A-DCA2-4834-937D-BE77F70D2258}.Debug|iPhone.Build.0 = Debug|Any CPU
		{A47C1CFF-5B3D-42F9-A101-8747C783A96B}.Debug|Any CPU.ActiveCfg = Debug|iPhoneSimulator
		{A47C1CFF-5B3D-42F9-A101-8747C783A96B}.Debug|Any CPU.Build.0 = Debug|iPhoneSimulator
		{A47C1CFF-5B3D-42F9-A101-8747C783A96B}.Release|Any CPU.ActiveCfg = Release|iPhone
		{A47C1CFF-5B3D-42F9-A101-8747C783A96B}.Release|Any CPU.Build.0 = Release|iPhone
		{A47C1CFF-5B3D-42F9-A101-8747C783A96B}.Debug|iPhoneSimulator.ActiveCfg = Debug|iPhoneSimulator
		{A47C1CFF-5B3D-42F9-A101-8747C783A96B}.Debug|iPhoneSimulator.Build.0 = Debug|iPhoneSimulator
		{A47C1CFF-5B3D-42F9-A101-8747C783A96B}.Release|iPhone.ActiveCfg = Release|iPhone
		{A47C1CFF-5B3D-42F9-A101-8747C783A96B}.Release|iPhone.Build.0 = Release|iPhone
		{A47C1CFF-5B3D-42F9-A101-8747C783A96B}.Release|iPhoneSimulator.ActiveCfg = Release|iPhoneSimulator
		{A47C1CFF-5B3D-42F9-A101-8747C783A96B}.Release|iPhoneSimulator.Build.0 = Release|iPhoneSimulator
		{A47C1CFF-5B3D-42F9-A101-8747C783A96B}.Debug|iPhone.ActiveCfg = Debug|iPhone
		{A47C1CFF-5B3D-42F9-A101-8747C783A96B}.Debug|iPhone.Build.0 = Debug|iPhone
		{BC2ECA0D-7FDB-4C96-88B8-5E7F88594839}.Debug|Any CPU.ActiveCfg = Debug|Any CPU
		{BC2ECA0D-7FDB-4C96-88B8-5E7F88594839}.Debug|Any CPU.Build.0 = Debug|Any CPU
		{BC2ECA0D-7FDB-4C96-88B8-5E7F88594839}.Release|Any CPU.ActiveCfg = Release|Any CPU
		{BC2ECA0D-7FDB-4C96-88B8-5E7F88594839}.Release|Any CPU.Build.0 = Release|Any CPU
		{BC2ECA0D-7FDB-4C96-88B8-5E7F88594839}.Debug|iPhoneSimulator.ActiveCfg = Debug|Any CPU
		{BC2ECA0D-7FDB-4C96-88B8-5E7F88594839}.Debug|iPhoneSimulator.Build.0 = Debug|Any CPU
		{BC2ECA0D-7FDB-4C96-88B8-5E7F88594839}.Release|iPhone.ActiveCfg = Release|Any CPU
		{BC2ECA0D-7FDB-4C96-88B8-5E7F88594839}.Release|iPhone.Build.0 = Release|Any CPU
		{BC2ECA0D-7FDB-4C96-88B8-5E7F88594839}.Release|iPhoneSimulator.ActiveCfg = Release|Any CPU
		{BC2ECA0D-7FDB-4C96-88B8-5E7F88594839}.Release|iPhoneSimulator.Build.0 = Release|Any CPU
		{BC2ECA0D-7FDB-4C96-88B8-5E7F88594839}.Debug|iPhone.ActiveCfg = Debug|Any CPU
		{BC2ECA0D-7FDB-4C96-88B8-5E7F88594839}.Debug|iPhone.Build.0 = Debug|Any CPU
		{794731BB-9BF8-4DC9-BC23-DAAE7F776291}.Debug|Any CPU.ActiveCfg = Debug|Any CPU
		{794731BB-9BF8-4DC9-BC23-DAAE7F776291}.Debug|Any CPU.Build.0 = Debug|Any CPU
		{794731BB-9BF8-4DC9-BC23-DAAE7F776291}.Release|Any CPU.ActiveCfg = Release|Any CPU
		{794731BB-9BF8-4DC9-BC23-DAAE7F776291}.Release|Any CPU.Build.0 = Release|Any CPU
		{794731BB-9BF8-4DC9-BC23-DAAE7F776291}.Debug|iPhoneSimulator.ActiveCfg = Debug|Any CPU
		{794731BB-9BF8-4DC9-BC23-DAAE7F776291}.Debug|iPhoneSimulator.Build.0 = Debug|Any CPU
		{794731BB-9BF8-4DC9-BC23-DAAE7F776291}.Release|iPhone.ActiveCfg = Release|Any CPU
		{794731BB-9BF8-4DC9-BC23-DAAE7F776291}.Release|iPhone.Build.0 = Release|Any CPU
		{794731BB-9BF8-4DC9-BC23-DAAE7F776291}.Release|iPhoneSimulator.ActiveCfg = Release|Any CPU
		{794731BB-9BF8-4DC9-BC23-DAAE7F776291}.Release|iPhoneSimulator.Build.0 = Release|Any CPU
		{794731BB-9BF8-4DC9-BC23-DAAE7F776291}.Debug|iPhone.ActiveCfg = Debug|Any CPU
		{794731BB-9BF8-4DC9-BC23-DAAE7F776291}.Debug|iPhone.Build.0 = Debug|Any CPU
		{D802EB5C-F1CA-40E8-B59B-1995CA3BE304}.Debug|Any CPU.ActiveCfg = Debug|Any CPU
		{D802EB5C-F1CA-40E8-B59B-1995CA3BE304}.Debug|Any CPU.Build.0 = Debug|Any CPU
		{D802EB5C-F1CA-40E8-B59B-1995CA3BE304}.Release|Any CPU.ActiveCfg = Release|Any CPU
		{D802EB5C-F1CA-40E8-B59B-1995CA3BE304}.Release|Any CPU.Build.0 = Release|Any CPU
		{D802EB5C-F1CA-40E8-B59B-1995CA3BE304}.Debug|iPhoneSimulator.ActiveCfg = Debug|Any CPU
		{D802EB5C-F1CA-40E8-B59B-1995CA3BE304}.Debug|iPhoneSimulator.Build.0 = Debug|Any CPU
		{D802EB5C-F1CA-40E8-B59B-1995CA3BE304}.Release|iPhone.ActiveCfg = Release|Any CPU
		{D802EB5C-F1CA-40E8-B59B-1995CA3BE304}.Release|iPhone.Build.0 = Release|Any CPU
		{D802EB5C-F1CA-40E8-B59B-1995CA3BE304}.Release|iPhoneSimulator.ActiveCfg = Release|Any CPU
		{D802EB5C-F1CA-40E8-B59B-1995CA3BE304}.Release|iPhoneSimulator.Build.0 = Release|Any CPU
		{D802EB5C-F1CA-40E8-B59B-1995CA3BE304}.Debug|iPhone.ActiveCfg = Debug|Any CPU
		{D802EB5C-F1CA-40E8-B59B-1995CA3BE304}.Debug|iPhone.Build.0 = Debug|Any CPU
	EndGlobalSection
EndGlobal
